
Microsoft Visual Studio Solution File, Format Version 12.00
# Visual Studio 14
VisualStudioVersion = 14.0.25420.1
MinimumVisualStudioVersion = 10.0.40219.1
Project("{FAE04EC0-301F-11D3-BF4B-00C04F79EFBC}") = "AirBench", "AirBench\AirBench.csproj", "{287658E5-8FAC-438B-A18E-2686828A66F1}"
EndProject
Global
	GlobalSection(SolutionConfigurationPlatforms) = preSolution
		Debug|Any CPU = Debug|Any CPU
		Release|Any CPU = Release|Any CPU
	EndGlobalSection
	GlobalSection(ProjectConfigurationPlatforms) = postSolution
		{287658E5-8FAC-438B-A18E-2686828A66F1}.Debug|Any CPU.ActiveCfg = Debug|Any CPU
		{287658E5-8FAC-438B-A18E-2686828A66F1}.Debug|Any CPU.Build.0 = Debug|Any CPU
		{287658E5-8FAC-438B-A18E-2686828A66F1}.Release|Any CPU.ActiveCfg = Release|Any CPU
		{287658E5-8FAC-438B-A18E-2686828A66F1}.Release|Any CPU.Build.0 = Release|Any CPU
	EndGlobalSection
	GlobalSection(SolutionProperties) = preSolution
		HideSolutionNode = FALSE
	EndGlobalSection
EndGlobal
